# THIS IS AN AUTOGENERATED FILE. DO NOT EDIT THIS FILE DIRECTLY.
# yarn lockfile v1


express-validator@5.1.2:
  version "5.1.2"
  resolved "https://registry.yarnpkg.com/express-validator/-/express-validator-5.1.2.tgz#1eecf5f583f8eeaf879563c38a2b3ac996eba1df"
  dependencies:
    lodash "^4.16.0"
    validator "^9.4.0"

lodash@^4.16.0:
  version "4.17.10"
  resolved "https://registry.yarnpkg.com/lodash/-/lodash-4.17.10.tgz#1b7793cf7259ea38fb3661d4d38b3260af8ae4e7"

moment@2.22.1:
  version "2.22.1"
  resolved "https://registry.yarnpkg.com/moment/-/moment-2.22.1.tgz#529a2e9bf973f259c9643d237fda84de3a26e8ad"

validator@^9.4.0:
  version "9.4.1"
  resolved "https://registry.yarnpkg.com/validator/-/validator-9.4.1.tgz#abf466d398b561cd243050112c6ff1de6cc12663"
